// !$*UTF8*$!
{
	archiveVersion = 1;
	classes = {
	};
	objectVersion = 46;
	objects = {

/* Begin PBXBuildFile section */
		9F3EFF8C13B82BF400F4EEC3 /* ThreadedGCDDriver.mm in Sources */ = {isa = PBXBuildFile; fileRef = 9F3EFF8B13B82BF400F4EEC3 /* ThreadedGCDDriver.mm */; };
		9F54D06813A7E2EF00BCAB6B /* EAGLView.mm in Sources */ = {isa = PBXBuildFile; fileRef = 9F54D06313A7E2EF00BCAB6B /* EAGLView.mm */; };
		9F54D06913A7E2EF00BCAB6B /* LimbicGLViewController.mm in Sources */ = {isa = PBXBuildFile; fileRef = 9F54D06513A7E2EF00BCAB6B /* LimbicGLViewController.mm */; };
		9F54D06A13A7E2EF00BCAB6B /* Renderer.mm in Sources */ = {isa = PBXBuildFile; fileRef = 9F54D06713A7E2EF00BCAB6B /* Renderer.mm */; };
		9F5E8ECC13AAB23400413A91 /* pvrfile.mm in Sources */ = {isa = PBXBuildFile; fileRef = 9F5E8ECA13AAB23400413A91 /* pvrfile.mm */; };
		9F5E8ED613AAD6F000413A91 /* TextureManager.mm in Sources */ = {isa = PBXBuildFile; fileRef = 9F5E8ED513AAD6F000413A91 /* TextureManager.mm */; };
		9F5E8ED813AAD8AF00413A91 /* checkerboard.pvr in Resources */ = {isa = PBXBuildFile; fileRef = 9F5E8ED713AAD8AF00413A91 /* checkerboard.pvr */; };
		9F5E8EDB13AAE43F00413A91 /* SyncedTexture.mm in Sources */ = {isa = PBXBuildFile; fileRef = 9F5E8EDA13AAE43F00413A91 /* SyncedTexture.mm */; };
		9F5E8EDD13AB28F300413A91 /* limbic_logo.pvr in Resources */ = {isa = PBXBuildFile; fileRef = 9F5E8EDC13AB28F300413A91 /* limbic_logo.pvr */; };
		9F5E8EE013AB2AD400413A91 /* AsyncTexture.mm in Sources */ = {isa = PBXBuildFile; fileRef = 9F5E8EDF13AB2AD400413A91 /* AsyncTexture.mm */; };
		9F97063213A7E4DF00EDA5B8 /* GameKit.framework in Frameworks */ = {isa = PBXBuildFile; fileRef = 9F97063113A7E4DF00EDA5B8 /* GameKit.framework */; };
		9F97064513A7E66100EDA5B8 /* glprogram.cc in Sources */ = {isa = PBXBuildFile; fileRef = 9F97063F13A7E66100EDA5B8 /* glprogram.cc */; };
		9F97064613A7E66100EDA5B8 /* glshader.cc in Sources */ = {isa = PBXBuildFile; fileRef = 9F97064113A7E66100EDA5B8 /* glshader.cc */; };
		9F97064713A7E66100EDA5B8 /* performancemonitor.cc in Sources */ = {isa = PBXBuildFile; fileRef = 9F97064313A7E66100EDA5B8 /* performancemonitor.cc */; };
		9FBA943913A7E2970080071B /* UIKit.framework in Frameworks */ = {isa = PBXBuildFile; fileRef = 9FBA943813A7E2970080071B /* UIKit.framework */; };
		9FBA943B13A7E2970080071B /* Foundation.framework in Frameworks */ = {isa = PBXBuildFile; fileRef = 9FBA943A13A7E2970080071B /* Foundation.framework */; };
		9FBA943D13A7E2970080071B /* CoreGraphics.framework in Frameworks */ = {isa = PBXBuildFile; fileRef = 9FBA943C13A7E2970080071B /* CoreGraphics.framework */; };
		9FBA943F13A7E2970080071B /* QuartzCore.framework in Frameworks */ = {isa = PBXBuildFile; fileRef = 9FBA943E13A7E2970080071B /* QuartzCore.framework */; };
		9FBA944113A7E2970080071B /* OpenGLES.framework in Frameworks */ = {isa = PBXBuildFile; fileRef = 9FBA944013A7E2970080071B /* OpenGLES.framework */; };
		9FBA944713A7E2970080071B /* InfoPlist.strings in Resources */ = {isa = PBXBuildFile; fileRef = 9FBA944513A7E2970080071B /* InfoPlist.strings */; };
		9FBA944A13A7E2970080071B /* main.m in Sources */ = {isa = PBXBuildFile; fileRef = 9FBA944913A7E2970080071B /* main.m */; };
		9FBA944D13A7E2970080071B /* LimbicGLAppDelegate.mm in Sources */ = {isa = PBXBuildFile; fileRef = 9FBA944C13A7E2970080071B /* LimbicGLAppDelegate.mm */; };
		9FBA945013A7E2970080071B /* MainWindow.xib in Resources */ = {isa = PBXBuildFile; fileRef = 9FBA944E13A7E2970080071B /* MainWindow.xib */; };
		9FBA945D13A7E2970080071B /* LimbicGLViewController.xib in Resources */ = {isa = PBXBuildFile; fileRef = 9FBA945B13A7E2970080071B /* LimbicGLViewController.xib */; };
		9FCB68BB13A934B900368BE2 /* SingleThreadDriver.mm in Sources */ = {isa = PBXBuildFile; fileRef = 9FCB68BA13A934B900368BE2 /* SingleThreadDriver.mm */; };
		9FCB68BE13A93DAA00368BE2 /* GCDDriver.mm in Sources */ = {isa = PBXBuildFile; fileRef = 9FCB68BD13A93DAA00368BE2 /* GCDDriver.mm */; };
		9FCB68C113A93DB800368BE2 /* ThreadedDriver.mm in Sources */ = {isa = PBXBuildFile; fileRef = 9FCB68C013A93DB800368BE2 /* ThreadedDriver.mm */; };
		9FED698513A877E90022C002 /* MainWindow-iPad.xib in Resources */ = {isa = PBXBuildFile; fileRef = 9FED698313A877E90022C002 /* MainWindow-iPad.xib */; };
		9FED698A13A87B260022C002 /* RenderTarget.m in Sources */ = {isa = PBXBuildFile; fileRef = 9FED698913A87B260022C002 /* RenderTarget.m */; };
		9FEF560A13A82EC600C9A484 /* game.mm in Sources */ = {isa = PBXBuildFile; fileRef = 9FEF560813A82EC600C9A484 /* game.mm */; };
/* End PBXBuildFile section */

/* Begin PBXFileReference section */
		9F3EFF8A13B82BF400F4EEC3 /* ThreadedGCDDriver.h */ = {isa = PBXFileReference; fileEncoding = 4; lastKnownFileType = sourcecode.c.h; name = ThreadedGCDDriver.h; path = drivers/ThreadedGCDDriver.h; sourceTree = "<group>"; };
		9F3EFF8B13B82BF400F4EEC3 /* ThreadedGCDDriver.mm */ = {isa = PBXFileReference; fileEncoding = 4; lastKnownFileType = sourcecode.cpp.objcpp; name = ThreadedGCDDriver.mm; path = drivers/ThreadedGCDDriver.mm; sourceTree = "<group>"; };
		9F54D06213A7E2EF00BCAB6B /* EAGLView.h */ = {isa = PBXFileReference; fileEncoding = 4; lastKnownFileType = sourcecode.c.h; path = EAGLView.h; sourceTree = "<group>"; };
		9F54D06313A7E2EF00BCAB6B /* EAGLView.mm */ = {isa = PBXFileReference; fileEncoding = 4; lastKnownFileType = sourcecode.cpp.objcpp; path = EAGLView.mm; sourceTree = "<group>"; };
		9F54D06413A7E2EF00BCAB6B /* LimbicGLViewController.h */ = {isa = PBXFileReference; fileEncoding = 4; lastKnownFileType = sourcecode.c.h; path = LimbicGLViewController.h; sourceTree = "<group>"; };
		9F54D06513A7E2EF00BCAB6B /* LimbicGLViewController.mm */ = {isa = PBXFileReference; fileEncoding = 4; lastKnownFileType = sourcecode.cpp.objcpp; path = LimbicGLViewController.mm; sourceTree = "<group>"; };
		9F54D06613A7E2EF00BCAB6B /* Renderer.h */ = {isa = PBXFileReference; fileEncoding = 4; lastKnownFileType = sourcecode.c.h; path = Renderer.h; sourceTree = "<group>"; };
		9F54D06713A7E2EF00BCAB6B /* Renderer.mm */ = {isa = PBXFileReference; fileEncoding = 4; lastKnownFileType = sourcecode.cpp.objcpp; path = Renderer.mm; sourceTree = "<group>"; };
		9F5E8ECA13AAB23400413A91 /* pvrfile.mm */ = {isa = PBXFileReference; fileEncoding = 4; lastKnownFileType = sourcecode.cpp.objcpp; path = pvrfile.mm; sourceTree = "<group>"; };
		9F5E8ECB13AAB23400413A91 /* pvrfile.h */ = {isa = PBXFileReference; fileEncoding = 4; lastKnownFileType = sourcecode.c.h; path = pvrfile.h; sourceTree = "<group>"; };
		9F5E8ED413AAD6F000413A91 /* TextureManager.h */ = {isa = PBXFileReference; fileEncoding = 4; lastKnownFileType = sourcecode.c.h; path = TextureManager.h; sourceTree = "<group>"; };
		9F5E8ED513AAD6F000413A91 /* TextureManager.mm */ = {isa = PBXFileReference; fileEncoding = 4; lastKnownFileType = sourcecode.cpp.objcpp; path = TextureManager.mm; sourceTree = "<group>"; };
		9F5E8ED713AAD8AF00413A91 /* checkerboard.pvr */ = {isa = PBXFileReference; lastKnownFileType = file; path = checkerboard.pvr; sourceTree = "<group>"; };
		9F5E8ED913AAE43F00413A91 /* SyncedTexture.h */ = {isa = PBXFileReference; fileEncoding = 4; lastKnownFileType = sourcecode.c.h; path = SyncedTexture.h; sourceTree = "<group>"; };
		9F5E8EDA13AAE43F00413A91 /* SyncedTexture.mm */ = {isa = PBXFileReference; fileEncoding = 4; lastKnownFileType = sourcecode.cpp.objcpp; path = SyncedTexture.mm; sourceTree = "<group>"; };
		9F5E8EDC13AB28F300413A91 /* limbic_logo.pvr */ = {isa = PBXFileReference; lastKnownFileType = file; path = limbic_logo.pvr; sourceTree = "<group>"; };
		9F5E8EDE13AB2AD400413A91 /* AsyncTexture.h */ = {isa = PBXFileReference; fileEncoding = 4; lastKnownFileType = sourcecode.c.h; path = AsyncTexture.h; sourceTree = "<group>"; };
		9F5E8EDF13AB2AD400413A91 /* AsyncTexture.mm */ = {isa = PBXFileReference; fileEncoding = 4; lastKnownFileType = sourcecode.cpp.objcpp; path = AsyncTexture.mm; sourceTree = "<group>"; };
		9F97063113A7E4DF00EDA5B8 /* GameKit.framework */ = {isa = PBXFileReference; lastKnownFileType = wrapper.framework; name = GameKit.framework; path = System/Library/Frameworks/GameKit.framework; sourceTree = SDKROOT; };
		9F97063F13A7E66100EDA5B8 /* glprogram.cc */ = {isa = PBXFileReference; fileEncoding = 4; lastKnownFileType = sourcecode.cpp.cpp; path = glprogram.cc; sourceTree = "<group>"; };
		9F97064013A7E66100EDA5B8 /* glprogram.h */ = {isa = PBXFileReference; fileEncoding = 4; lastKnownFileType = sourcecode.c.h; path = glprogram.h; sourceTree = "<group>"; };
		9F97064113A7E66100EDA5B8 /* glshader.cc */ = {isa = PBXFileReference; fileEncoding = 4; lastKnownFileType = sourcecode.cpp.cpp; path = glshader.cc; sourceTree = "<group>"; };
		9F97064213A7E66100EDA5B8 /* glshader.h */ = {isa = PBXFileReference; fileEncoding = 4; lastKnownFileType = sourcecode.c.h; path = glshader.h; sourceTree = "<group>"; };
		9F97064313A7E66100EDA5B8 /* performancemonitor.cc */ = {isa = PBXFileReference; fileEncoding = 4; lastKnownFileType = sourcecode.cpp.cpp; path = performancemonitor.cc; sourceTree = "<group>"; };
		9F97064413A7E66100EDA5B8 /* performancemonitor.h */ = {isa = PBXFileReference; fileEncoding = 4; lastKnownFileType = sourcecode.c.h; path = performancemonitor.h; sourceTree = "<group>"; };
		9FBA943413A7E2970080071B /* limbicgl.app */ = {isa = PBXFileReference; explicitFileType = wrapper.application; includeInIndex = 0; path = limbicgl.app; sourceTree = BUILT_PRODUCTS_DIR; };
		9FBA943813A7E2970080071B /* UIKit.framework */ = {isa = PBXFileReference; lastKnownFileType = wrapper.framework; name = UIKit.framework; path = System/Library/Frameworks/UIKit.framework; sourceTree = SDKROOT; };
		9FBA943A13A7E2970080071B /* Foundation.framework */ = {isa = PBXFileReference; lastKnownFileType = wrapper.framework; name = Foundation.framework; path = System/Library/Frameworks/Foundation.framework; sourceTree = SDKROOT; };
		9FBA943C13A7E2970080071B /* CoreGraphics.framework */ = {isa = PBXFileReference; lastKnownFileType = wrapper.framework; name = CoreGraphics.framework; path = System/Library/Frameworks/CoreGraphics.framework; sourceTree = SDKROOT; };
		9FBA943E13A7E2970080071B /* QuartzCore.framework */ = {isa = PBXFileReference; lastKnownFileType = wrapper.framework; name = QuartzCore.framework; path = System/Library/Frameworks/QuartzCore.framework; sourceTree = SDKROOT; };
		9FBA944013A7E2970080071B /* OpenGLES.framework */ = {isa = PBXFileReference; lastKnownFileType = wrapper.framework; name = OpenGLES.framework; path = System/Library/Frameworks/OpenGLES.framework; sourceTree = SDKROOT; };
		9FBA944413A7E2970080071B /* limbicgl-Info.plist */ = {isa = PBXFileReference; lastKnownFileType = text.plist.xml; path = "limbicgl-Info.plist"; sourceTree = "<group>"; };
		9FBA944613A7E2970080071B /* en */ = {isa = PBXFileReference; lastKnownFileType = text.plist.strings; name = en; path = en.lproj/InfoPlist.strings; sourceTree = "<group>"; };
		9FBA944813A7E2970080071B /* limbicgl-Prefix.pch */ = {isa = PBXFileReference; lastKnownFileType = sourcecode.c.h; path = "limbicgl-Prefix.pch"; sourceTree = "<group>"; };
		9FBA944913A7E2970080071B /* main.m */ = {isa = PBXFileReference; lastKnownFileType = sourcecode.c.objc; path = main.m; sourceTree = "<group>"; };
		9FBA944B13A7E2970080071B /* LimbicGLAppDelegate.h */ = {isa = PBXFileReference; lastKnownFileType = sourcecode.c.h; path = LimbicGLAppDelegate.h; sourceTree = "<group>"; };
		9FBA944C13A7E2970080071B /* LimbicGLAppDelegate.mm */ = {isa = PBXFileReference; lastKnownFileType = sourcecode.cpp.objcpp; path = LimbicGLAppDelegate.mm; sourceTree = "<group>"; };
		9FBA944F13A7E2970080071B /* en */ = {isa = PBXFileReference; lastKnownFileType = file.xib; name = en; path = en.lproj/MainWindow.xib; sourceTree = "<group>"; };
		9FBA945C13A7E2970080071B /* en */ = {isa = PBXFileReference; lastKnownFileType = file.xib; name = en; path = en.lproj/LimbicGLViewController.xib; sourceTree = "<group>"; };
		9FCB68B513A932CA00368BE2 /* Driver.h */ = {isa = PBXFileReference; fileEncoding = 4; lastKnownFileType = sourcecode.c.h; name = Driver.h; path = drivers/Driver.h; sourceTree = "<group>"; };
		9FCB68B913A934B900368BE2 /* SingleThreadDriver.h */ = {isa = PBXFileReference; fileEncoding = 4; lastKnownFileType = sourcecode.c.h; name = SingleThreadDriver.h; path = drivers/SingleThreadDriver.h; sourceTree = "<group>"; };
		9FCB68BA13A934B900368BE2 /* SingleThreadDriver.mm */ = {isa = PBXFileReference; fileEncoding = 4; lastKnownFileType = sourcecode.cpp.objcpp; name = SingleThreadDriver.mm; path = drivers/SingleThreadDriver.mm; sourceTree = "<group>"; };
		9FCB68BC13A93DAA00368BE2 /* GCDDriver.h */ = {isa = PBXFileReference; fileEncoding = 4; lastKnownFileType = sourcecode.c.h; name = GCDDriver.h; path = drivers/GCDDriver.h; sourceTree = "<group>"; };
		9FCB68BD13A93DAA00368BE2 /* GCDDriver.mm */ = {isa = PBXFileReference; fileEncoding = 4; lastKnownFileType = sourcecode.cpp.objcpp; name = GCDDriver.mm; path = drivers/GCDDriver.mm; sourceTree = "<group>"; };
		9FCB68BF13A93DB800368BE2 /* ThreadedDriver.h */ = {isa = PBXFileReference; fileEncoding = 4; lastKnownFileType = sourcecode.c.h; name = ThreadedDriver.h; path = drivers/ThreadedDriver.h; sourceTree = "<group>"; };
		9FCB68C013A93DB800368BE2 /* ThreadedDriver.mm */ = {isa = PBXFileReference; fileEncoding = 4; lastKnownFileType = sourcecode.cpp.objcpp; name = ThreadedDriver.mm; path = drivers/ThreadedDriver.mm; sourceTree = "<group>"; };
		9FED698413A877E90022C002 /* en */ = {isa = PBXFileReference; lastKnownFileType = file.xib; name = en; path = "iPad/en.lproj/MainWindow-iPad.xib"; sourceTree = "<group>"; };
		9FED698613A878350022C002 /* codingguides.h */ = {isa = PBXFileReference; fileEncoding = 4; lastKnownFileType = sourcecode.c.h; name = codingguides.h; path = performancemonitor/codingguides.h; sourceTree = SOURCE_ROOT; };
		9FED698813A87B260022C002 /* RenderTarget.h */ = {isa = PBXFileReference; fileEncoding = 4; lastKnownFileType = sourcecode.c.h; path = RenderTarget.h; sourceTree = "<group>"; };
		9FED698913A87B260022C002 /* RenderTarget.m */ = {isa = PBXFileReference; fileEncoding = 4; lastKnownFileType = sourcecode.c.objc; path = RenderTarget.m; sourceTree = "<group>"; };
		9FEF560613A82C5700C9A484 /* config.h */ = {isa = PBXFileReference; fileEncoding = 4; lastKnownFileType = sourcecode.c.h; path = config.h; sourceTree = "<group>"; };
		9FEF560813A82EC600C9A484 /* game.mm */ = {isa = PBXFileReference; fileEncoding = 4; lastKnownFileType = sourcecode.cpp.objcpp; path = game.mm; sourceTree = "<group>"; };
		9FEF560913A82EC600C9A484 /* game.h */ = {isa = PBXFileReference; fileEncoding = 4; lastKnownFileType = sourcecode.c.h; path = game.h; sourceTree = "<group>"; };
/* End PBXFileReference section */

/* Begin PBXFrameworksBuildPhase section */
		9FBA943113A7E2970080071B /* Frameworks */ = {
			isa = PBXFrameworksBuildPhase;
			buildActionMask = 2147483647;
			files = (
				9FBA943913A7E2970080071B /* UIKit.framework in Frameworks */,
				9FBA943B13A7E2970080071B /* Foundation.framework in Frameworks */,
				9FBA943D13A7E2970080071B /* CoreGraphics.framework in Frameworks */,
				9FBA943F13A7E2970080071B /* QuartzCore.framework in Frameworks */,
				9FBA944113A7E2970080071B /* OpenGLES.framework in Frameworks */,
				9F97063213A7E4DF00EDA5B8 /* GameKit.framework in Frameworks */,
			);
			runOnlyForDeploymentPostprocessing = 0;
		};
/* End PBXFrameworksBuildPhase section */

/* Begin PBXGroup section */
		9F5E8EC913AAB23400413A91 /* textures */ = {
			isa = PBXGroup;
			children = (
				9F5E8ECA13AAB23400413A91 /* pvrfile.mm */,
				9F5E8ECB13AAB23400413A91 /* pvrfile.h */,
				9F5E8ED413AAD6F000413A91 /* TextureManager.h */,
				9F5E8ED513AAD6F000413A91 /* TextureManager.mm */,
				9F5E8ED913AAE43F00413A91 /* SyncedTexture.h */,
				9F5E8EDA13AAE43F00413A91 /* SyncedTexture.mm */,
				9F5E8EDE13AB2AD400413A91 /* AsyncTexture.h */,
				9F5E8EDF13AB2AD400413A91 /* AsyncTexture.mm */,
			);
			path = textures;
			sourceTree = "<group>";
		};
		9F97063E13A7E66100EDA5B8 /* performancemonitor */ = {
			isa = PBXGroup;
			children = (
				9FED698613A878350022C002 /* codingguides.h */,
				9F97063F13A7E66100EDA5B8 /* glprogram.cc */,
				9F97064013A7E66100EDA5B8 /* glprogram.h */,
				9F97064113A7E66100EDA5B8 /* glshader.cc */,
				9F97064213A7E66100EDA5B8 /* glshader.h */,
				9F97064313A7E66100EDA5B8 /* performancemonitor.cc */,
				9F97064413A7E66100EDA5B8 /* performancemonitor.h */,
			);
			path = performancemonitor;
			sourceTree = "<group>";
		};
		9FBA942913A7E2970080071B = {
			isa = PBXGroup;
			children = (
				9F97063E13A7E66100EDA5B8 /* performancemonitor */,
				9FBA944213A7E2970080071B /* limbicgl */,
				9FBA943713A7E2970080071B /* Frameworks */,
				9FBA943513A7E2970080071B /* Products */,
			);
			sourceTree = "<group>";
		};
		9FBA943513A7E2970080071B /* Products */ = {
			isa = PBXGroup;
			children = (
				9FBA943413A7E2970080071B /* limbicgl.app */,
			);
			name = Products;
			sourceTree = "<group>";
		};
		9FBA943713A7E2970080071B /* Frameworks */ = {
			isa = PBXGroup;
			children = (
				9F97063113A7E4DF00EDA5B8 /* GameKit.framework */,
				9FBA943813A7E2970080071B /* UIKit.framework */,
				9FBA943A13A7E2970080071B /* Foundation.framework */,
				9FBA943C13A7E2970080071B /* CoreGraphics.framework */,
				9FBA943E13A7E2970080071B /* QuartzCore.framework */,
				9FBA944013A7E2970080071B /* OpenGLES.framework */,
			);
			name = Frameworks;
			sourceTree = "<group>";
		};
		9FBA944213A7E2970080071B /* limbicgl */ = {
			isa = PBXGroup;
			children = (
				9F5E8EC913AAB23400413A91 /* textures */,
				9FED698713A87A0E0022C002 /* drivers */,
				9FED698213A877E80022C002 /* iPad */,
				9FEF560713A82EC600C9A484 /* game */,
				9FEF560613A82C5700C9A484 /* config.h */,
				9FBA944B13A7E2970080071B /* LimbicGLAppDelegate.h */,
				9FBA944C13A7E2970080071B /* LimbicGLAppDelegate.mm */,
				9FBA944E13A7E2970080071B /* MainWindow.xib */,
				9FBA945B13A7E2970080071B /* LimbicGLViewController.xib */,
				9F54D06213A7E2EF00BCAB6B /* EAGLView.h */,
				9F54D06313A7E2EF00BCAB6B /* EAGLView.mm */,
				9F54D06413A7E2EF00BCAB6B /* LimbicGLViewController.h */,
				9F54D06513A7E2EF00BCAB6B /* LimbicGLViewController.mm */,
				9F54D06613A7E2EF00BCAB6B /* Renderer.h */,
				9F54D06713A7E2EF00BCAB6B /* Renderer.mm */,
				9FBA944313A7E2970080071B /* Supporting Files */,
				9FED698813A87B260022C002 /* RenderTarget.h */,
				9FED698913A87B260022C002 /* RenderTarget.m */,
			);
			path = limbicgl;
			sourceTree = "<group>";
		};
		9FBA944313A7E2970080071B /* Supporting Files */ = {
			isa = PBXGroup;
			children = (
				9F5E8EDC13AB28F300413A91 /* limbic_logo.pvr */,
				9F5E8ED713AAD8AF00413A91 /* checkerboard.pvr */,
				9FBA944413A7E2970080071B /* limbicgl-Info.plist */,
				9FBA944513A7E2970080071B /* InfoPlist.strings */,
				9FBA944813A7E2970080071B /* limbicgl-Prefix.pch */,
				9FBA944913A7E2970080071B /* main.m */,
			);
			name = "Supporting Files";
			sourceTree = "<group>";
		};
		9FED698213A877E80022C002 /* iPad */ = {
			isa = PBXGroup;
			children = (
				9FED698313A877E90022C002 /* MainWindow-iPad.xib */,
			);
			name = iPad;
			sourceTree = "<group>";
		};
		9FED698713A87A0E0022C002 /* drivers */ = {
			isa = PBXGroup;
			children = (
				9FCB68B513A932CA00368BE2 /* Driver.h */,
				9FCB68B913A934B900368BE2 /* SingleThreadDriver.h */,
				9FCB68BA13A934B900368BE2 /* SingleThreadDriver.mm */,
				9FCB68BC13A93DAA00368BE2 /* GCDDriver.h */,
				9FCB68BD13A93DAA00368BE2 /* GCDDriver.mm */,
				9FCB68BF13A93DB800368BE2 /* ThreadedDriver.h */,
				9FCB68C013A93DB800368BE2 /* ThreadedDriver.mm */,
				9F3EFF8A13B82BF400F4EEC3 /* ThreadedGCDDriver.h */,
				9F3EFF8B13B82BF400F4EEC3 /* ThreadedGCDDriver.mm */,
			);
			name = drivers;
			sourceTree = "<group>";
		};
		9FEF560713A82EC600C9A484 /* game */ = {
			isa = PBXGroup;
			children = (
				9FEF560813A82EC600C9A484 /* game.mm */,
				9FEF560913A82EC600C9A484 /* game.h */,
			);
			path = game;
			sourceTree = "<group>";
		};
/* End PBXGroup section */

/* Begin PBXNativeTarget section */
		9FBA943313A7E2970080071B /* limbicgl */ = {
			isa = PBXNativeTarget;
			buildConfigurationList = 9FBA946013A7E2970080071B /* Build configuration list for PBXNativeTarget "limbicgl" */;
			buildPhases = (
				9FBA943013A7E2970080071B /* Sources */,
				9FBA943113A7E2970080071B /* Frameworks */,
				9FBA943213A7E2970080071B /* Resources */,
			);
			buildRules = (
			);
			dependencies = (
			);
			name = limbicgl;
			productName = limbicgl;
			productReference = 9FBA943413A7E2970080071B /* limbicgl.app */;
			productType = "com.apple.product-type.application";
		};
/* End PBXNativeTarget section */

/* Begin PBXProject section */
		9FBA942B13A7E2970080071B /* Project object */ = {
			isa = PBXProject;
			attributes = {
				LastUpgradeCheck = 0430;
				ORGANIZATIONNAME = "Limbic Software, Inc.";
			};
			buildConfigurationList = 9FBA942E13A7E2970080071B /* Build configuration list for PBXProject "limbicgl" */;
			compatibilityVersion = "Xcode 3.2";
			developmentRegion = English;
			hasScannedForEncodings = 0;
			knownRegions = (
				en,
			);
			mainGroup = 9FBA942913A7E2970080071B;
			productRefGroup = 9FBA943513A7E2970080071B /* Products */;
			projectDirPath = "";
			projectRoot = "";
			targets = (
				9FBA943313A7E2970080071B /* limbicgl */,
			);
		};
/* End PBXProject section */

/* Begin PBXResourcesBuildPhase section */
		9FBA943213A7E2970080071B /* Resources */ = {
			isa = PBXResourcesBuildPhase;
			buildActionMask = 2147483647;
			files = (
				9FBA944713A7E2970080071B /* InfoPlist.strings in Resources */,
				9FBA945013A7E2970080071B /* MainWindow.xib in Resources */,
				9FBA945D13A7E2970080071B /* LimbicGLViewController.xib in Resources */,
				9FED698513A877E90022C002 /* MainWindow-iPad.xib in Resources */,
				9F5E8ED813AAD8AF00413A91 /* checkerboard.pvr in Resources */,
				9F5E8EDD13AB28F300413A91 /* limbic_logo.pvr in Resources */,
			);
			runOnlyForDeploymentPostprocessing = 0;
		};
/* End PBXResourcesBuildPhase section */

/* Begin PBXSourcesBuildPhase section */
		9FBA943013A7E2970080071B /* Sources */ = {
			isa = PBXSourcesBuildPhase;
			buildActionMask = 2147483647;
			files = (
				9FBA944A13A7E2970080071B /* main.m in Sources */,
				9FBA944D13A7E2970080071B /* LimbicGLAppDelegate.mm in Sources */,
				9F54D06813A7E2EF00BCAB6B /* EAGLView.mm in Sources */,
				9F54D06913A7E2EF00BCAB6B /* LimbicGLViewController.mm in Sources */,
				9F54D06A13A7E2EF00BCAB6B /* Renderer.mm in Sources */,
				9F97064513A7E66100EDA5B8 /* glprogram.cc in Sources */,
				9F97064613A7E66100EDA5B8 /* glshader.cc in Sources */,
				9F97064713A7E66100EDA5B8 /* performancemonitor.cc in Sources */,
				9FEF560A13A82EC600C9A484 /* game.mm in Sources */,
				9FED698A13A87B260022C002 /* RenderTarget.m in Sources */,
				9FCB68BB13A934B900368BE2 /* SingleThreadDriver.mm in Sources */,
				9FCB68BE13A93DAA00368BE2 /* GCDDriver.mm in Sources */,
				9FCB68C113A93DB800368BE2 /* ThreadedDriver.mm in Sources */,
				9F5E8ECC13AAB23400413A91 /* pvrfile.mm in Sources */,
				9F5E8ED613AAD6F000413A91 /* TextureManager.mm in Sources */,
				9F5E8EDB13AAE43F00413A91 /* SyncedTexture.mm in Sources */,
				9F5E8EE013AB2AD400413A91 /* AsyncTexture.mm in Sources */,
				9F3EFF8C13B82BF400F4EEC3 /* ThreadedGCDDriver.mm in Sources */,
			);
			runOnlyForDeploymentPostprocessing = 0;
		};
/* End PBXSourcesBuildPhase section */

/* Begin PBXVariantGroup section */
		9FBA944513A7E2970080071B /* InfoPlist.strings */ = {
			isa = PBXVariantGroup;
			children = (
				9FBA944613A7E2970080071B /* en */,
			);
			name = InfoPlist.strings;
			sourceTree = "<group>";
		};
		9FBA944E13A7E2970080071B /* MainWindow.xib */ = {
			isa = PBXVariantGroup;
			children = (
				9FBA944F13A7E2970080071B /* en */,
			);
			name = MainWindow.xib;
			sourceTree = "<group>";
		};
		9FBA945B13A7E2970080071B /* LimbicGLViewController.xib */ = {
			isa = PBXVariantGroup;
			children = (
				9FBA945C13A7E2970080071B /* en */,
			);
			name = LimbicGLViewController.xib;
			sourceTree = "<group>";
		};
		9FED698313A877E90022C002 /* MainWindow-iPad.xib */ = {
			isa = PBXVariantGroup;
			children = (
				9FED698413A877E90022C002 /* en */,
			);
			name = "MainWindow-iPad.xib";
			sourceTree = "<group>";
		};
/* End PBXVariantGroup section */

/* Begin XCBuildConfiguration section */
		9FBA945E13A7E2970080071B /* Debug */ = {
			isa = XCBuildConfiguration;
			buildSettings = {
				ARCHS = "$(ARCHS_STANDARD_32_BIT)";
				"CODE_SIGN_IDENTITY[sdk=iphoneos*]" = "iPhone Developer";
				GCC_C_LANGUAGE_STANDARD = gnu99;
				GCC_OPTIMIZATION_LEVEL = 0;
				GCC_PREPROCESSOR_DEFINITIONS = DEBUG;
				GCC_SYMBOLS_PRIVATE_EXTERN = NO;
				GCC_VERSION = com.apple.compilers.llvmgcc42;
				GCC_WARN_ABOUT_RETURN_TYPE = YES;
				GCC_WARN_UNUSED_VARIABLE = YES;
				IPHONEOS_DEPLOYMENT_TARGET = 4.3;
				SDKROOT = iphoneos;
			};
			name = Debug;
		};
		9FBA945F13A7E2970080071B /* Release */ = {
			isa = XCBuildConfiguration;
			buildSettings = {
				ARCHS = "$(ARCHS_STANDARD_32_BIT)";
				"CODE_SIGN_IDENTITY[sdk=iphoneos*]" = "iPhone Developer";
				GCC_C_LANGUAGE_STANDARD = gnu99;
				GCC_VERSION = com.apple.compilers.llvmgcc42;
				GCC_WARN_ABOUT_RETURN_TYPE = YES;
				GCC_WARN_UNUSED_VARIABLE = YES;
				IPHONEOS_DEPLOYMENT_TARGET = 4.3;
				OTHER_CFLAGS = "-DNS_BLOCK_ASSERTIONS=1";
				SDKROOT = iphoneos;
			};
			name = Release;
		};
		9FBA946113A7E2970080071B /* Debug */ = {
			isa = XCBuildConfiguration;
			buildSettings = {
				ALWAYS_SEARCH_USER_PATHS = NO;
				COPY_PHASE_STRIP = NO;
				GCC_DYNAMIC_NO_PIC = NO;
				GCC_PRECOMPILE_PREFIX_HEADER = YES;
				GCC_PREFIX_HEADER = "limbicgl/limbicgl-Prefix.pch";
				GCC_PREPROCESSOR_DEFINITIONS = (
					DEBUG,
					ENABLE_PERFORMANCE_MONITOR,
				);
				"GCC_THUMB_SUPPORT[arch=armv6]" = "";
				GCC_VERSION = com.apple.compilers.llvm.clang.1_0;
				HEADER_SEARCH_PATHS = .;
				INFOPLIST_FILE = "limbicgl/limbicgl-Info.plist";
				IPHONEOS_DEPLOYMENT_TARGET = 4.3;
				PRODUCT_NAME = "$(TARGET_NAME)";
				TARGETED_DEVICE_FAMILY = "1,2";
				WRAPPER_EXTENSION = app;
			};
			name = Debug;
		};
		9FBA946213A7E2970080071B /* Release */ = {
			isa = XCBuildConfiguration;
			buildSettings = {
				ALWAYS_SEARCH_USER_PATHS = NO;
				COPY_PHASE_STRIP = YES;
				GCC_PRECOMPILE_PREFIX_HEADER = YES;
				GCC_PREFIX_HEADER = "limbicgl/limbicgl-Prefix.pch";
				GCC_PREPROCESSOR_DEFINITIONS = ENABLE_PEFORMANCE_MONITOR;
				"GCC_THUMB_SUPPORT[arch=armv6]" = "";
				GCC_VERSION = com.apple.compilers.llvm.clang.1_0;
				HEADER_SEARCH_PATHS = .;
				INFOPLIST_FILE = "limbicgl/limbicgl-Info.plist";
				IPHONEOS_DEPLOYMENT_TARGET = 4.3;
				PRODUCT_NAME = "$(TARGET_NAME)";
				TARGETED_DEVICE_FAMILY = "1,2";
				VALIDATE_PRODUCT = YES;
				WRAPPER_EXTENSION = app;
			};
			name = Release;
		};
/* End XCBuildConfiguration section */

/* Begin XCConfigurationList section */
		9FBA942E13A7E2970080071B /* Build configuration list for PBXProject "limbicgl" */ = {
			isa = XCConfigurationList;
			buildConfigurations = (
				9FBA945E13A7E2970080071B /* Debug */,
				9FBA945F13A7E2970080071B /* Release */,
			);
			defaultConfigurationIsVisible = 0;
			defaultConfigurationName = Release;
		};
		9FBA946013A7E2970080071B /* Build configuration list for PBXNativeTarget "limbicgl" */ = {
			isa = XCConfigurationList;
			buildConfigurations = (
				9FBA946113A7E2970080071B /* Debug */,
				9FBA946213A7E2970080071B /* Release */,
			);
			defaultConfigurationIsVisible = 0;
			defaultConfigurationName = Release;
		};
/* End XCConfigurationList section */
	};
	rootObject = 9FBA942B13A7E2970080071B /* Project object */;
}
